<?xml version="1.0" encoding="utf-8"?>
<Project ToolsVersion="17.0" xmlns="http://schemas.microsoft.com/developer/msbuild/2003">
  <ItemGroup>
    <CustomBuild Include="C:\Users\walz0\stunmachine\CMakeFiles\fa2077fd229cf56236a52cf4a99616bc\generate.stamp.rule">
      <Filter>CMake Rules</Filter>
    </CustomBuild>
  </ItemGroup>
  <ItemGroup>
    <Filter Include="CMake Rules">
      <UniqueIdentifier>{69A1DF65-77D3-389E-99A4-75A026D7BE75}</UniqueIdentifier>
    </Filter>
  </ItemGroup>
</Project>
